
Microsoft Visual Studio Solution File, Format Version 12.00
# Visual Studio Version 16
VisualStudioVersion = 16.0.29503.13
MinimumVisualStudioVersion = 10.0.40219.1
Project("{9A19103F-16F7-4668-BE54-9A1E7A4F7556}") = "ARchGLCloud.Domain.Core", "Libraries\ARchGLCloud.Domain.Core\ARchGLCloud.Domain.Core.csproj", "{3536A47E-DFB7-46C7-B858-F3D90480B670}"
EndProject
Project("{2150E333-8FDC-42A3-9474-1A3956D46DE8}") = "1 - Core", "1 - Core", "{8179E81C-8FDB-44B1-92CC-099C67BB1425}"
EndProject
Project("{9A19103F-16F7-4668-BE54-9A1E7A4F7556}") = "ARchGLCloud.Infra.Core", "Libraries\ARchGLCloud.Infra.Core\ARchGLCloud.Infra.Core.csproj", "{E9E264F7-BC35-4CE3-9B6A-1E34DC34719D}"
EndProject
Project("{2150E333-8FDC-42A3-9474-1A3956D46DE8}") = "1.3 - Lib", "1.3 - Lib", "{8939DF85-26AC-4427-AF42-13AE781CA688}"
EndProject
Project("{9A19103F-16F7-4668-BE54-9A1E7A4F7556}") = "ARchGLCloud.Core", "Libraries\ARchGLCloud.Core\ARchGLCloud.Core.csproj", "{F73872A5-31FE-4DE6-A508-0A096BAF1ACF}"
EndProject
Project("{9A19103F-16F7-4668-BE54-9A1E7A4F7556}") = "ARchGLCloud.Application.Core", "Libraries\ARchGLCloud.Application.Core\ARchGLCloud.Application.Core.csproj", "{9660B8E0-A695-4BBF-9B76-D10D230BECD5}"
EndProject
Project("{2150E333-8FDC-42A3-9474-1A3956D46DE8}") = "1.1 - Domain", "1.1 - Domain", "{56DE5151-508F-433E-A633-FA60DC2DB0C6}"
EndProject
Project("{2150E333-8FDC-42A3-9474-1A3956D46DE8}") = "1.2 - Application", "1.2 - Application", "{C5FEAB44-8635-46D5-8A5C-3375A9C0DDDA}"
EndProject
Project("{2150E333-8FDC-42A3-9474-1A3956D46DE8}") = "3 - MPP", "3 - MPP", "{4413CC61-B871-4EDA-91E8-88850A06301C}"
EndProject
Project("{9A19103F-16F7-4668-BE54-9A1E7A4F7556}") = "ARchGLCloud.WebApi.MPP", "ARchGLCloud.WebApi.MPP\ARchGLCloud.WebApi.MPP.csproj", "{28CF7DBF-5517-4698-8EA3-5D86E09F8F46}"
EndProject
Project("{9A19103F-16F7-4668-BE54-9A1E7A4F7556}") = "ARchGLCloud.Application.MPP", "ARchGLCloud.Application.MPP\ARchGLCloud.Application.MPP.csproj", "{34403F16-21A3-4343-AB71-67C770DABD96}"
EndProject
Project("{9A19103F-16F7-4668-BE54-9A1E7A4F7556}") = "ARchGLCloud.Domain.MPP", "ARchGLCloud.Domain.MPP\ARchGLCloud.Domain.MPP.csproj", "{1DAF50F0-03B6-49FB-93AB-A4385F29A369}"
EndProject
Project("{9A19103F-16F7-4668-BE54-9A1E7A4F7556}") = "ARchGLCloud.Infra.MPP", "ARchGLCloud.Infra.MPP\ARchGLCloud.Infra.MPP.csproj", "{D243A86C-3833-4D64-A80D-95C4CBC7F913}"
EndProject
Project("{FAE04EC0-301F-11D3-BF4B-00C04F79EFBC}") = "mpp2xml", "mpp2xml\mpp2xml.csproj", "{2465444A-21B6-4857-B4BB-D20CB5638362}"
EndProject
Project("{2150E333-8FDC-42A3-9474-1A3956D46DE8}") = "2 - Libs", "2 - Libs", "{1BBCA184-D9E7-4E89-A0F1-CF3BF31932A3}"
EndProject
Global
	GlobalSection(SolutionConfigurationPlatforms) = preSolution
		Debug|Any CPU = Debug|Any CPU
		Release|Any CPU = Release|Any CPU
	EndGlobalSection
	GlobalSection(ProjectConfigurationPlatforms) = postSolution
		{3536A47E-DFB7-46C7-B858-F3D90480B670}.Debug|Any CPU.ActiveCfg = Debug|Any CPU
		{3536A47E-DFB7-46C7-B858-F3D90480B670}.Debug|Any CPU.Build.0 = Debug|Any CPU
		{3536A47E-DFB7-46C7-B858-F3D90480B670}.Release|Any CPU.ActiveCfg = Release|Any CPU
		{3536A47E-DFB7-46C7-B858-F3D90480B670}.Release|Any CPU.Build.0 = Release|Any CPU
		{E9E264F7-BC35-4CE3-9B6A-1E34DC34719D}.Debug|Any CPU.ActiveCfg = Debug|Any CPU
		{E9E264F7-BC35-4CE3-9B6A-1E34DC34719D}.Debug|Any CPU.Build.0 = Debug|Any CPU
		{E9E264F7-BC35-4CE3-9B6A-1E34DC34719D}.Release|Any CPU.ActiveCfg = Release|Any CPU
		{E9E264F7-BC35-4CE3-9B6A-1E34DC34719D}.Release|Any CPU.Build.0 = Release|Any CPU
		{F73872A5-31FE-4DE6-A508-0A096BAF1ACF}.Debug|Any CPU.ActiveCfg = Debug|Any CPU
		{F73872A5-31FE-4DE6-A508-0A096BAF1ACF}.Debug|Any CPU.Build.0 = Debug|Any CPU
		{F73872A5-31FE-4DE6-A508-0A096BAF1ACF}.Release|Any CPU.ActiveCfg = Release|Any CPU
		{F73872A5-31FE-4DE6-A508-0A096BAF1ACF}.Release|Any CPU.Build.0 = Release|Any CPU
		{9660B8E0-A695-4BBF-9B76-D10D230BECD5}.Debug|Any CPU.ActiveCfg = Debug|Any CPU
		{9660B8E0-A695-4BBF-9B76-D10D230BECD5}.Debug|Any CPU.Build.0 = Debug|Any CPU
		{9660B8E0-A695-4BBF-9B76-D10D230BECD5}.Release|Any CPU.ActiveCfg = Release|Any CPU
		{9660B8E0-A695-4BBF-9B76-D10D230BECD5}.Release|Any CPU.Build.0 = Release|Any CPU
		{28CF7DBF-5517-4698-8EA3-5D86E09F8F46}.Debug|Any CPU.ActiveCfg = Debug|Any CPU
		{28CF7DBF-5517-4698-8EA3-5D86E09F8F46}.Debug|Any CPU.Build.0 = Debug|Any CPU
		{28CF7DBF-5517-4698-8EA3-5D86E09F8F46}.Release|Any CPU.ActiveCfg = Release|Any CPU
		{28CF7DBF-5517-4698-8EA3-5D86E09F8F46}.Release|Any CPU.Build.0 = Release|Any CPU
		{34403F16-21A3-4343-AB71-67C770DABD96}.Debug|Any CPU.ActiveCfg = Debug|Any CPU
		{34403F16-21A3-4343-AB71-67C770DABD96}.Debug|Any CPU.Build.0 = Debug|Any CPU
		{34403F16-21A3-4343-AB71-67C770DABD96}.Release|Any CPU.ActiveCfg = Release|Any CPU
		{34403F16-21A3-4343-AB71-67C770DABD96}.Release|Any CPU.Build.0 = Release|Any CPU
		{1DAF50F0-03B6-49FB-93AB-A4385F29A369}.Debug|Any CPU.ActiveCfg = Debug|Any CPU
		{1DAF50F0-03B6-49FB-93AB-A4385F29A369}.Debug|Any CPU.Build.0 = Debug|Any CPU
		{1DAF50F0-03B6-49FB-93AB-A4385F29A369}.Release|Any CPU.ActiveCfg = Release|Any CPU
		{1DAF50F0-03B6-49FB-93AB-A4385F29A369}.Release|Any CPU.Build.0 = Release|Any CPU
		{D243A86C-3833-4D64-A80D-95C4CBC7F913}.Debug|Any CPU.ActiveCfg = Debug|Any CPU
		{D243A86C-3833-4D64-A80D-95C4CBC7F913}.Debug|Any CPU.Build.0 = Debug|Any CPU
		{D243A86C-3833-4D64-A80D-95C4CBC7F913}.Release|Any CPU.ActiveCfg = Release|Any CPU
		{D243A86C-3833-4D64-A80D-95C4CBC7F913}.Release|Any CPU.Build.0 = Release|Any CPU
		{2465444A-21B6-4857-B4BB-D20CB5638362}.Debug|Any CPU.ActiveCfg = Debug|Any CPU
		{2465444A-21B6-4857-B4BB-D20CB5638362}.Debug|Any CPU.Build.0 = Debug|Any CPU
		{2465444A-21B6-4857-B4BB-D20CB5638362}.Release|Any CPU.ActiveCfg = Release|Any CPU
		{2465444A-21B6-4857-B4BB-D20CB5638362}.Release|Any CPU.Build.0 = Release|Any CPU
	EndGlobalSection
	GlobalSection(SolutionProperties) = preSolution
		HideSolutionNode = FALSE
	EndGlobalSection
	GlobalSection(NestedProjects) = preSolution
		{3536A47E-DFB7-46C7-B858-F3D90480B670} = {56DE5151-508F-433E-A633-FA60DC2DB0C6}
		{E9E264F7-BC35-4CE3-9B6A-1E34DC34719D} = {56DE5151-508F-433E-A633-FA60DC2DB0C6}
		{8939DF85-26AC-4427-AF42-13AE781CA688} = {8179E81C-8FDB-44B1-92CC-099C67BB1425}
		{F73872A5-31FE-4DE6-A508-0A096BAF1ACF} = {8939DF85-26AC-4427-AF42-13AE781CA688}
		{9660B8E0-A695-4BBF-9B76-D10D230BECD5} = {C5FEAB44-8635-46D5-8A5C-3375A9C0DDDA}
		{56DE5151-508F-433E-A633-FA60DC2DB0C6} = {8179E81C-8FDB-44B1-92CC-099C67BB1425}
		{C5FEAB44-8635-46D5-8A5C-3375A9C0DDDA} = {8179E81C-8FDB-44B1-92CC-099C67BB1425}
		{28CF7DBF-5517-4698-8EA3-5D86E09F8F46} = {4413CC61-B871-4EDA-91E8-88850A06301C}
		{34403F16-21A3-4343-AB71-67C770DABD96} = {1BBCA184-D9E7-4E89-A0F1-CF3BF31932A3}
		{1DAF50F0-03B6-49FB-93AB-A4385F29A369} = {1BBCA184-D9E7-4E89-A0F1-CF3BF31932A3}
		{D243A86C-3833-4D64-A80D-95C4CBC7F913} = {1BBCA184-D9E7-4E89-A0F1-CF3BF31932A3}
		{2465444A-21B6-4857-B4BB-D20CB5638362} = {4413CC61-B871-4EDA-91E8-88850A06301C}
	EndGlobalSection
	GlobalSection(ExtensibilityGlobals) = postSolution
		SolutionGuid = {96E6FF20-2A37-40B7-82A1-E1D9C2D969B6}
	EndGlobalSection
EndGlobal
